# This file is automatically @generated by Cargo.
# It is not intended for manual editing.
version = 4

[[package]]
name = "parsnip"
version = "0.1.0"
dependencies = [
 "simd-normalizer",
]

[[package]]
name = "simd-normalizer"
version = "0.1.1"
source = "registry+https://github.com/rust-lang/crates.io-index"
checksum = "58c1da222c2fb767b7a65172d036d3de1a86db177cdf8ea13cb8b59442de7031"
